PODS:
  - BButton (4.0.1)
  - MOOMaskedIconView (0.1.0)
  - PPHelpMe (1.0.1)
  - TTTAttributedLabel (1.10.1)

DEPENDENCIES:
  - BButton (~> 4.0.1)
  - MOOMaskedIconView (~> 0.1.0)
  - PPHelpMe (~> 1.0.0)
  - TTTAttributedLabel (~> 1.10.1)

SPEC CHECKSUMS:
  BButton: 396a5e59648e3f687b7d8201b88ebdbad6e36b59
  MOOMaskedIconView: c04f6f19a7ece10f8852b22d422fdcdc4f76d652
  PPHelpMe: 9f4e89fa8256b070c78e1ad119d9c37d9b9bddd8
  TTTAttributedLabel: 94bb04f1e005616002dd2cee0262a0082e533627

COCOAPODS: 0.34.4
